{
  "name": "hexo-site",
  "lockfileVersion": 3,
  "requires": true,
  "packages": {
    "": {
      "dependencies": {
        "hexo-theme-next": "^8.21.0"
      }
    },
    "node_modules/hexo-theme-next": {
      "version": "8.21.0",
      "resolved": "https://registry.npmmirror.com/hexo-theme-next/-/hexo-theme-next-8.21.0.tgz",
      "integrity": "sha512-O0xKsX73QJSOfPs8R+Kd1sFbJQhy0Od3NsoN5uR717IXjK4xn2w9x+GlSijEfh96JkhCIQOOPS5xBtzsfpjE6A==",
      "license": "AGPL-3.0-only"
    }
  }
}
